
Microsoft Visual Studio Solution File, Format Version 12.00
# Visual Studio Version 17
VisualStudioVersion = 17.13.35913.81 d17.13
MinimumVisualStudioVersion = 10.0.40219.1
Project("{FAE04EC0-301F-11D3-BF4B-00C04F79EFBC}") = "Calculator", "Calculator.csproj", "{FECA872D-77F0-4677-AD18-4C1AA42E4A96}"
EndProject
Global
	GlobalSection(SolutionConfigurationPlatforms) = preSolution
		Debug|Any CPU = Debug|Any CPU
		Release|Any CPU = Release|Any CPU
	EndGlobalSection
	GlobalSection(ProjectConfigurationPlatforms) = postSolution
		{FECA872D-77F0-4677-AD18-4C1AA42E4A96}.Debug|Any CPU.ActiveCfg = Debug|Any CPU
		{FECA872D-77F0-4677-AD18-4C1AA42E4A96}.Debug|Any CPU.Build.0 = Debug|Any CPU
		{FECA872D-77F0-4677-AD18-4C1AA42E4A96}.Release|Any CPU.ActiveCfg = Release|Any CPU
		{FECA872D-77F0-4677-AD18-4C1AA42E4A96}.Release|Any CPU.Build.0 = Release|Any CPU
	EndGlobalSection
	GlobalSection(SolutionProperties) = preSolution
		HideSolutionNode = FALSE
	EndGlobalSection
	GlobalSection(ExtensibilityGlobals) = postSolution
		SolutionGuid = {C0D85D51-8CD3-4F4F-92E9-051FDF15DCB5}
	EndGlobalSection
EndGlobal
